// !$*UTF8*$!
{
	archiveVersion = 1;
	classes = {
	};
	objectVersion = 55;
	objects = {

/* Begin PBXBuildFile section */
		F24F363C28257FAE00F2D252 /* AppDelegate.swift in Sources */ = {isa = PBXBuildFile; fileRef = F24F363B28257FAE00F2D252 /* AppDelegate.swift */; };
		F24F363E28257FAE00F2D252 /* SceneDelegate.swift in Sources */ = {isa = PBXBuildFile; fileRef = F24F363D28257FAE00F2D252 /* SceneDelegate.swift */; };
		F24F364028257FAE00F2D252 /* ViewController.swift in Sources */ = {isa = PBXBuildFile; fileRef = F24F363F28257FAE00F2D252 /* ViewController.swift */; };
		F24F364328257FAE00F2D252 /* Main.storyboard in Resources */ = {isa = PBXBuildFile; fileRef = F24F364128257FAE00F2D252 /* Main.storyboard */; };
		F24F364528257FAE00F2D252 /* Assets.xcassets in Resources */ = {isa = PBXBuildFile; fileRef = F24F364428257FAE00F2D252 /* Assets.xcassets */; };
		F24F364828257FAE00F2D252 /* LaunchScreen.storyboard in Resources */ = {isa = PBXBuildFile; fileRef = F24F364628257FAE00F2D252 /* LaunchScreen.storyboard */; };
		F24F365A2825824C00F2D252 /* 4.jpg in Resources */ = {isa = PBXBuildFile; fileRef = F24F36502825824C00F2D252 /* 4.jpg */; };
		F24F365B2825824C00F2D252 /* 9.jpg in Resources */ = {isa = PBXBuildFile; fileRef = F24F36512825824C00F2D252 /* 9.jpg */; };
		F24F365C2825824C00F2D252 /* 7.jpg in Resources */ = {isa = PBXBuildFile; fileRef = F24F36522825824C00F2D252 /* 7.jpg */; };
		F24F365D2825824C00F2D252 /* 6.jpg in Resources */ = {isa = PBXBuildFile; fileRef = F24F36532825824C00F2D252 /* 6.jpg */; };
		F24F365E2825824C00F2D252 /* 5.jpg in Resources */ = {isa = PBXBuildFile; fileRef = F24F36542825824C00F2D252 /* 5.jpg */; };
		F24F365F2825824C00F2D252 /* 2.jpg in Resources */ = {isa = PBXBuildFile; fileRef = F24F36552825824C00F2D252 /* 2.jpg */; };
		F24F36602825824C00F2D252 /* 10.jpg in Resources */ = {isa = PBXBuildFile; fileRef = F24F36562825824C00F2D252 /* 10.jpg */; };
		F24F36612825824C00F2D252 /* 3.jpg in Resources */ = {isa = PBXBuildFile; fileRef = F24F36572825824C00F2D252 /* 3.jpg */; };
		F24F36622825824C00F2D252 /* 1.jpg in Resources */ = {isa = PBXBuildFile; fileRef = F24F36582825824C00F2D252 /* 1.jpg */; };
		F24F36632825824C00F2D252 /* 8.jpg in Resources */ = {isa = PBXBuildFile; fileRef = F24F36592825824C00F2D252 /* 8.jpg */; };
/* End PBXBuildFile section */

/* Begin PBXFileReference section */
		F24F363828257FAE00F2D252 /* PickerViewMission.app */ = {isa = PBXFileReference; explicitFileType = wrapper.application; includeInIndex = 0; path = PickerViewMission.app; sourceTree = BUILT_PRODUCTS_DIR; };
		F24F363B28257FAE00F2D252 /* AppDelegate.swift */ = {isa = PBXFileReference; lastKnownFileType = sourcecode.swift; path = AppDelegate.swift; sourceTree = "<group>"; };
		F24F363D28257FAE00F2D252 /* SceneDelegate.swift */ = {isa = PBXFileReference; lastKnownFileType = sourcecode.swift; path = SceneDelegate.swift; sourceTree = "<group>"; };
		F24F363F28257FAE00F2D252 /* ViewController.swift */ = {isa = PBXFileReference; lastKnownFileType = sourcecode.swift; path = ViewController.swift; sourceTree = "<group>"; };
		F24F364228257FAE00F2D252 /* Base */ = {isa = PBXFileReference; lastKnownFileType = file.storyboard; name = Base; path = Base.lproj/Main.storyboard; sourceTree = "<group>"; };
		F24F364428257FAE00F2D252 /* Assets.xcassets */ = {isa = PBXFileReference; lastKnownFileType = folder.assetcatalog; path = Assets.xcassets; sourceTree = "<group>"; };
		F24F364728257FAE00F2D252 /* Base */ = {isa = PBXFileReference; lastKnownFileType = file.storyboard; name = Base; path = Base.lproj/LaunchScreen.storyboard; sourceTree = "<group>"; };
		F24F364928257FAE00F2D252 /* Info.plist */ = {isa = PBXFileReference; lastKnownFileType = text.plist.xml; path = Info.plist; sourceTree = "<group>"; };
		F24F36502825824C00F2D252 /* 4.jpg */ = {isa = PBXFileReference; lastKnownFileType = image.jpeg; name = 4.jpg; path = "../../../example-master/05장/본문실습이미지/4.jpg"; sourceTree = "<group>"; };
		F24F36512825824C00F2D252 /* 9.jpg */ = {isa = PBXFileReference; lastKnownFileType = image.jpeg; name = 9.jpg; path = "../../../example-master/05장/본문실습이미지/9.jpg"; sourceTree = "<group>"; };
		F24F36522825824C00F2D252 /* 7.jpg */ = {isa = PBXFileReference; lastKnownFileType = image.jpeg; name = 7.jpg; path = "../../../example-master/05장/본문실습이미지/7.jpg"; sourceTree = "<group>"; };
		F24F36532825824C00F2D252 /* 6.jpg */ = {isa = PBXFileReference; lastKnownFileType = image.jpeg; name = 6.jpg; path = "../../../example-master/05장/본문실습이미지/6.jpg"; sourceTree = "<group>"; };
		F24F36542825824C00F2D252 /* 5.jpg */ = {isa = PBXFileReference; lastKnownFileType = image.jpeg; name = 5.jpg; path = "../../../example-master/05장/본문실습이미지/5.jpg"; sourceTree = "<group>"; };
		F24F36552825824C00F2D252 /* 2.jpg */ = {isa = PBXFileReference; lastKnownFileType = image.jpeg; name = 2.jpg; path = "../../../example-master/05장/본문실습이미지/2.jpg"; sourceTree = "<group>"; };
		F24F36562825824C00F2D252 /* 10.jpg */ = {isa = PBXFileReference; lastKnownFileType = image.jpeg; name = 10.jpg; path = "../../../example-master/05장/본문실습이미지/10.jpg"; sourceTree = "<group>"; };
		F24F36572825824C00F2D252 /* 3.jpg */ = {isa = PBXFileReference; lastKnownFileType = image.jpeg; name = 3.jpg; path = "../../../example-master/05장/본문실습이미지/3.jpg"; sourceTree = "<group>"; };
		F24F36582825824C00F2D252 /* 1.jpg */ = {isa = PBXFileReference; lastKnownFileType = image.jpeg; name = 1.jpg; path = "../../../example-master/05장/본문실습이미지/1.jpg"; sourceTree = "<group>"; };
		F24F36592825824C00F2D252 /* 8.jpg */ = {isa = PBXFileReference; lastKnownFileType = image.jpeg; name = 8.jpg; path = "../../../example-master/05장/본문실습이미지/8.jpg"; sourceTree = "<group>"; };
/* End PBXFileReference section */

/* Begin PBXFrameworksBuildPhase section */
		F24F363528257FAE00F2D252 /* Frameworks */ = {
			isa = PBXFrameworksBuildPhase;
			buildActionMask = 2147483647;
			files = (
			);
			runOnlyForDeploymentPostprocessing = 0;
		};
/* End PBXFrameworksBuildPhase section */

/* Begin PBXGroup section */
		F24F362F28257FAE00F2D252 = {
			isa = PBXGroup;
			children = (
				F24F363A28257FAE00F2D252 /* PickerViewMission */,
				F24F363928257FAE00F2D252 /* Products */,
			);
			sourceTree = "<group>";
		};
		F24F363928257FAE00F2D252 /* Products */ = {
			isa = PBXGroup;
			children = (
				F24F363828257FAE00F2D252 /* PickerViewMission.app */,
			);
			name = Products;
			sourceTree = "<group>";
		};
		F24F363A28257FAE00F2D252 /* PickerViewMission */ = {
			isa = PBXGroup;
			children = (
				F24F364F2825823800F2D252 /* images */,
				F24F363B28257FAE00F2D252 /* AppDelegate.swift */,
				F24F363D28257FAE00F2D252 /* SceneDelegate.swift */,
				F24F363F28257FAE00F2D252 /* ViewController.swift */,
				F24F364128257FAE00F2D252 /* Main.storyboard */,
				F24F364428257FAE00F2D252 /* Assets.xcassets */,
				F24F364628257FAE00F2D252 /* LaunchScreen.storyboard */,
				F24F364928257FAE00F2D252 /* Info.plist */,
			);
			path = PickerViewMission;
			sourceTree = "<group>";
		};
		F24F364F2825823800F2D252 /* images */ = {
			isa = PBXGroup;
			children = (
				F24F36582825824C00F2D252 /* 1.jpg */,
				F24F36552825824C00F2D252 /* 2.jpg */,
				F24F36572825824C00F2D252 /* 3.jpg */,
				F24F36502825824C00F2D252 /* 4.jpg */,
				F24F36542825824C00F2D252 /* 5.jpg */,
				F24F36532825824C00F2D252 /* 6.jpg */,
				F24F36522825824C00F2D252 /* 7.jpg */,
				F24F36592825824C00F2D252 /* 8.jpg */,
				F24F36512825824C00F2D252 /* 9.jpg */,
				F24F36562825824C00F2D252 /* 10.jpg */,
			);
			path = images;
			sourceTree = "<group>";
		};
/* End PBXGroup section */

/* Begin PBXNativeTarget section */
		F24F363728257FAE00F2D252 /* PickerViewMission */ = {
			isa = PBXNativeTarget;
			buildConfigurationList = F24F364C28257FAE00F2D252 /* Build configuration list for PBXNativeTarget "PickerViewMission" */;
			buildPhases = (
				F24F363428257FAE00F2D252 /* Sources */,
				F24F363528257FAE00F2D252 /* Frameworks */,
				F24F363628257FAE00F2D252 /* Resources */,
			);
			buildRules = (
			);
			dependencies = (
			);
			name = PickerViewMission;
			productName = PickerViewMission;
			productReference = F24F363828257FAE00F2D252 /* PickerViewMission.app */;
			productType = "com.apple.product-type.application";
		};
/* End PBXNativeTarget section */

/* Begin PBXProject section */
		F24F363028257FAE00F2D252 /* Project object */ = {
			isa = PBXProject;
			attributes = {
				BuildIndependentTargetsInParallel = 1;
				LastSwiftUpdateCheck = 1330;
				LastUpgradeCheck = 1330;
				TargetAttributes = {
					F24F363728257FAE00F2D252 = {
						CreatedOnToolsVersion = 13.3.1;
					};
				};
			};
			buildConfigurationList = F24F363328257FAE00F2D252 /* Build configuration list for PBXProject "PickerViewMission" */;
			compatibilityVersion = "Xcode 13.0";
			developmentRegion = en;
			hasScannedForEncodings = 0;
			knownRegions = (
				en,
				Base,
			);
			mainGroup = F24F362F28257FAE00F2D252;
			productRefGroup = F24F363928257FAE00F2D252 /* Products */;
			projectDirPath = "";
			projectRoot = "";
			targets = (
				F24F363728257FAE00F2D252 /* PickerViewMission */,
			);
		};
/* End PBXProject section */

/* Begin PBXResourcesBuildPhase section */
		F24F363628257FAE00F2D252 /* Resources */ = {
			isa = PBXResourcesBuildPhase;
			buildActionMask = 2147483647;
			files = (
				F24F36612825824C00F2D252 /* 3.jpg in Resources */,
				F24F36602825824C00F2D252 /* 10.jpg in Resources */,
				F24F365D2825824C00F2D252 /* 6.jpg in Resources */,
				F24F365E2825824C00F2D252 /* 5.jpg in Resources */,
				F24F365A2825824C00F2D252 /* 4.jpg in Resources */,
				F24F36632825824C00F2D252 /* 8.jpg in Resources */,
				F24F365F2825824C00F2D252 /* 2.jpg in Resources */,
				F24F364828257FAE00F2D252 /* LaunchScreen.storyboard in Resources */,
				F24F364528257FAE00F2D252 /* Assets.xcassets in Resources */,
				F24F365C2825824C00F2D252 /* 7.jpg in Resources */,
				F24F36622825824C00F2D252 /* 1.jpg in Resources */,
				F24F365B2825824C00F2D252 /* 9.jpg in Resources */,
				F24F364328257FAE00F2D252 /* Main.storyboard in Resources */,
			);
			runOnlyForDeploymentPostprocessing = 0;
		};
/* End PBXResourcesBuildPhase section */

/* Begin PBXSourcesBuildPhase section */
		F24F363428257FAE00F2D252 /* Sources */ = {
			isa = PBXSourcesBuildPhase;
			buildActionMask = 2147483647;
			files = (
				F24F364028257FAE00F2D252 /* ViewController.swift in Sources */,
				F24F363C28257FAE00F2D252 /* AppDelegate.swift in Sources */,
				F24F363E28257FAE00F2D252 /* SceneDelegate.swift in Sources */,
			);
			runOnlyForDeploymentPostprocessing = 0;
		};
/* End PBXSourcesBuildPhase section */

/* Begin PBXVariantGroup section */
		F24F364128257FAE00F2D252 /* Main.storyboard */ = {
			isa = PBXVariantGroup;
			children = (
				F24F364228257FAE00F2D252 /* Base */,
			);
			name = Main.storyboard;
			sourceTree = "<group>";
		};
		F24F364628257FAE00F2D252 /* LaunchScreen.storyboard */ = {
			isa = PBXVariantGroup;
			children = (
				F24F364728257FAE00F2D252 /* Base */,
			);
			name = LaunchScreen.storyboard;
			sourceTree = "<group>";
		};
/* End PBXVariantGroup section */

/* Begin XCBuildConfiguration section */
		F24F364A28257FAE00F2D252 /* Debug */ = {
			isa = XCBuildConfiguration;
			buildSettings = {
				ALWAYS_SEARCH_USER_PATHS = NO;
				CLANG_ANALYZER_NONNULL = YES;
				CLANG_ANALYZER_NUMBER_OBJECT_CONVERSION = YES_AGGRESSIVE;
				CLANG_CXX_LANGUAGE_STANDARD = "gnu++17";
				CLANG_ENABLE_MODULES = YES;
				CLANG_ENABLE_OBJC_ARC = YES;
				CLANG_ENABLE_OBJC_WEAK = YES;
				CLANG_WARN_BLOCK_CAPTURE_AUTORELEASING = YES;
				CLANG_WARN_BOOL_CONVERSION = YES;
				CLANG_WARN_COMMA = YES;
				CLANG_WARN_CONSTANT_CONVERSION = YES;
				CLANG_WARN_DEPRECATED_OBJC_IMPLEMENTATIONS = YES;
				CLANG_WARN_DIRECT_OBJC_ISA_USAGE = YES_ERROR;
				CLANG_WARN_DOCUMENTATION_COMMENTS = YES;
				CLANG_WARN_EMPTY_BODY = YES;
				CLANG_WARN_ENUM_CONVERSION = YES;
				CLANG_WARN_INFINITE_RECURSION = YES;
				CLANG_WARN_INT_CONVERSION = YES;
				CLANG_WARN_NON_LITERAL_NULL_CONVERSION = YES;
				CLANG_WARN_OBJC_IMPLICIT_RETAIN_SELF = YES;
				CLANG_WARN_OBJC_LITERAL_CONVERSION = YES;
				CLANG_WARN_OBJC_ROOT_CLASS = YES_ERROR;
				CLANG_WARN_QUOTED_INCLUDE_IN_FRAMEWORK_HEADER = YES;
				CLANG_WARN_RANGE_LOOP_ANALYSIS = YES;
				CLANG_WARN_STRICT_PROTOTYPES = YES;
				CLANG_WARN_SUSPICIOUS_MOVE = YES;
				CLANG_WARN_UNGUARDED_AVAILABILITY = YES_AGGRESSIVE;
				CLANG_WARN_UNREACHABLE_CODE = YES;
				CLANG_WARN__DUPLICATE_METHOD_MATCH = YES;
				COPY_PHASE_STRIP = NO;
				DEBUG_INFORMATION_FORMAT = dwarf;
				ENABLE_STRICT_OBJC_MSGSEND = YES;
				ENABLE_TESTABILITY = YES;
				GCC_C_LANGUAGE_STANDARD = gnu11;
				GCC_DYNAMIC_NO_PIC = NO;
				GCC_NO_COMMON_BLOCKS = YES;
				GCC_OPTIMIZATION_LEVEL = 0;
				GCC_PREPROCESSOR_DEFINITIONS = (
					"DEBUG=1",
					"$(inherited)",
				);
				GCC_WARN_64_TO_32_BIT_CONVERSION = YES;
				GCC_WARN_ABOUT_RETURN_TYPE = YES_ERROR;
				GCC_WARN_UNDECLARED_SELECTOR = YES;
				GCC_WARN_UNINITIALIZED_AUTOS = YES_AGGRESSIVE;
				GCC_WARN_UNUSED_FUNCTION = YES;
				GCC_WARN_UNUSED_VARIABLE = YES;
				IPHONEOS_DEPLOYMENT_TARGET = 15.4;
				MTL_ENABLE_DEBUG_INFO = INCLUDE_SOURCE;
				MTL_FAST_MATH = YES;
				ONLY_ACTIVE_ARCH = YES;
				SDKROOT = iphoneos;
				SWIFT_ACTIVE_COMPILATION_CONDITIONS = DEBUG;
				SWIFT_OPTIMIZATION_LEVEL = "-Onone";
			};
			name = Debug;
		};
		F24F364B28257FAE00F2D252 /* Release */ = {
			isa = XCBuildConfiguration;
			buildSettings = {
				ALWAYS_SEARCH_USER_PATHS = NO;
				CLANG_ANALYZER_NONNULL = YES;
				CLANG_ANALYZER_NUMBER_OBJECT_CONVERSION = YES_AGGRESSIVE;
				CLANG_CXX_LANGUAGE_STANDARD = "gnu++17";
				CLANG_ENABLE_MODULES = YES;
				CLANG_ENABLE_OBJC_ARC = YES;
				CLANG_ENABLE_OBJC_WEAK = YES;
				CLANG_WARN_BLOCK_CAPTURE_AUTORELEASING = YES;
				CLANG_WARN_BOOL_CONVERSION = YES;
				CLANG_WARN_COMMA = YES;
				CLANG_WARN_CONSTANT_CONVERSION = YES;
				CLANG_WARN_DEPRECATED_OBJC_IMPLEMENTATIONS = YES;
				CLANG_WARN_DIRECT_OBJC_ISA_USAGE = YES_ERROR;
				CLANG_WARN_DOCUMENTATION_COMMENTS = YES;
				CLANG_WARN_EMPTY_BODY = YES;
				CLANG_WARN_ENUM_CONVERSION = YES;
				CLANG_WARN_INFINITE_RECURSION = YES;
				CLANG_WARN_INT_CONVERSION = YES;
				CLANG_WARN_NON_LITERAL_NULL_CONVERSION = YES;
				CLANG_WARN_OBJC_IMPLICIT_RETAIN_SELF = YES;
				CLANG_WARN_OBJC_LITERAL_CONVERSION = YES;
				CLANG_WARN_OBJC_ROOT_CLASS = YES_ERROR;
				CLANG_WARN_QUOTED_INCLUDE_IN_FRAMEWORK_HEADER = YES;
				CLANG_WARN_RANGE_LOOP_ANALYSIS = YES;
				CLANG_WARN_STRICT_PROTOTYPES = YES;
				CLANG_WARN_SUSPICIOUS_MOVE = YES;
				CLANG_WARN_UNGUARDED_AVAILABILITY = YES_AGGRESSIVE;
				CLANG_WARN_UNREACHABLE_CODE = YES;
				CLANG_WARN__DUPLICATE_METHOD_MATCH = YES;
				COPY_PHASE_STRIP = NO;
				DEBUG_INFORMATION_FORMAT = "dwarf-with-dsym";
				ENABLE_NS_ASSERTIONS = NO;
				ENABLE_STRICT_OBJC_MSGSEND = YES;
				GCC_C_LANGUAGE_STANDARD = gnu11;
				GCC_NO_COMMON_BLOCKS = YES;
				GCC_WARN_64_TO_32_BIT_CONVERSION = YES;
				GCC_WARN_ABOUT_RETURN_TYPE = YES_ERROR;
				GCC_WARN_UNDECLARED_SELECTOR = YES;
				GCC_WARN_UNINITIALIZED_AUTOS = YES_AGGRESSIVE;
				GCC_WARN_UNUSED_FUNCTION = YES;
				GCC_WARN_UNUSED_VARIABLE = YES;
				IPHONEOS_DEPLOYMENT_TARGET = 15.4;
				MTL_ENABLE_DEBUG_INFO = NO;
				MTL_FAST_MATH = YES;
				SDKROOT = iphoneos;
				SWIFT_COMPILATION_MODE = wholemodule;
				SWIFT_OPTIMIZATION_LEVEL = "-O";
				VALIDATE_PRODUCT = YES;
			};
			name = Release;
		};
		F24F364D28257FAE00F2D252 /* Debug */ = {
			isa = XCBuildConfiguration;
			buildSettings = {
				ASSETCATALOG_COMPILER_APPICON_NAME = AppIcon;
				ASSETCATALOG_COMPILER_GLOBAL_ACCENT_COLOR_NAME = AccentColor;
				CODE_SIGN_STYLE = Automatic;
				CURRENT_PROJECT_VERSION = 1;
				GENERATE_INFOPLIST_FILE = YES;
				INFOPLIST_FILE = PickerViewMission/Info.plist;
				INFOPLIST_KEY_UIApplicationSupportsIndirectInputEvents = YES;
				INFOPLIST_KEY_UILaunchStoryboardName = LaunchScreen;
				INFOPLIST_KEY_UIMainStoryboardFile = Main;
				INFOPLIST_KEY_UISupportedInterfaceOrientations_iPad = "UIInterfaceOrientationPortrait UIInterfaceOrientationPortraitUpsideDown UIInterfaceOrientationLandscapeLeft UIInterfaceOrientationLandscapeRight";
				INFOPLIST_KEY_UISupportedInterfaceOrientations_iPhone = "UIInterfaceOrientationPortrait UIInterfaceOrientationLandscapeLeft UIInterfaceOrientationLandscapeRight";
				LD_RUNPATH_SEARCH_PATHS = (
					"$(inherited)",
					"@executable_path/Frameworks",
				);
				MARKETING_VERSION = 1.0;
				PRODUCT_BUNDLE_IDENTIFIER = com.squareyun.PickerViewMission;
				PRODUCT_NAME = "$(TARGET_NAME)";
				SWIFT_EMIT_LOC_STRINGS = YES;
				SWIFT_VERSION = 5.0;
				TARGETED_DEVICE_FAMILY = "1,2";
			};
			name = Debug;
		};
		F24F364E28257FAE00F2D252 /* Release */ = {
			isa = XCBuildConfiguration;
			buildSettings = {
				ASSETCATALOG_COMPILER_APPICON_NAME = AppIcon;
				ASSETCATALOG_COMPILER_GLOBAL_ACCENT_COLOR_NAME = AccentColor;
				CODE_SIGN_STYLE = Automatic;
				CURRENT_PROJECT_VERSION = 1;
				GENERATE_INFOPLIST_FILE = YES;
				INFOPLIST_FILE = PickerViewMission/Info.plist;
				INFOPLIST_KEY_UIApplicationSupportsIndirectInputEvents = YES;
				INFOPLIST_KEY_UILaunchStoryboardName = LaunchScreen;
				INFOPLIST_KEY_UIMainStoryboardFile = Main;
				INFOPLIST_KEY_UISupportedInterfaceOrientations_iPad = "UIInterfaceOrientationPortrait UIInterfaceOrientationPortraitUpsideDown UIInterfaceOrientationLandscapeLeft UIInterfaceOrientationLandscapeRight";
				INFOPLIST_KEY_UISupportedInterfaceOrientations_iPhone = "UIInterfaceOrientationPortrait UIInterfaceOrientationLandscapeLeft UIInterfaceOrientationLandscapeRight";
				LD_RUNPATH_SEARCH_PATHS = (
					"$(inherited)",
					"@executable_path/Frameworks",
				);
				MARKETING_VERSION = 1.0;
				PRODUCT_BUNDLE_IDENTIFIER = com.squareyun.PickerViewMission;
				PRODUCT_NAME = "$(TARGET_NAME)";
				SWIFT_EMIT_LOC_STRINGS = YES;
				SWIFT_VERSION = 5.0;
				TARGETED_DEVICE_FAMILY = "1,2";
			};
			name = Release;
		};
/* End XCBuildConfiguration section */

/* Begin XCConfigurationList section */
		F24F363328257FAE00F2D252 /* Build configuration list for PBXProject "PickerViewMission" */ = {
			isa = XCConfigurationList;
			buildConfigurations = (
				F24F364A28257FAE00F2D252 /* Debug */,
				F24F364B28257FAE00F2D252 /* Release */,
			);
			defaultConfigurationIsVisible = 0;
			defaultConfigurationName = Release;
		};
		F24F364C28257FAE00F2D252 /* Build configuration list for PBXNativeTarget "PickerViewMission" */ = {
			isa = XCConfigurationList;
			buildConfigurations = (
				F24F364D28257FAE00F2D252 /* Debug */,
				F24F364E28257FAE00F2D252 /* Release */,
			);
			defaultConfigurationIsVisible = 0;
			defaultConfigurationName = Release;
		};
/* End XCConfigurationList section */
	};
	rootObject = F24F363028257FAE00F2D252 /* Project object */;
}
